// !$*UTF8*$!
{
	archiveVersion = 1;
	classes = {
	};
	objectVersion = 48;
	objects = {

/* Begin PBXBuildFile section */
		AC468A92200E9EED001C0084 /* AppDelegate.swift in Sources */ = {isa = PBXBuildFile; fileRef = AC468A91200E9EED001C0084 /* AppDelegate.swift */; };
		AC468A94200E9EED001C0084 /* ViewController.swift in Sources */ = {isa = PBXBuildFile; fileRef = AC468A93200E9EED001C0084 /* ViewController.swift */; };
		AC468A97200E9EED001C0084 /* Main.storyboard in Resources */ = {isa = PBXBuildFile; fileRef = AC468A95200E9EED001C0084 /* Main.storyboard */; };
		AC468A99200E9EED001C0084 /* Assets.xcassets in Resources */ = {isa = PBXBuildFile; fileRef = AC468A98200E9EED001C0084 /* Assets.xcassets */; };
		AC468A9C200E9EED001C0084 /* LaunchScreen.storyboard in Resources */ = {isa = PBXBuildFile; fileRef = AC468A9A200E9EED001C0084 /* LaunchScreen.storyboard */; };
		AC468AA7200E9EED001C0084 /* How_Many_FingersTests.swift in Sources */ = {isa = PBXBuildFile; fileRef = AC468AA6200E9EED001C0084 /* How_Many_FingersTests.swift */; };
		AC468AB2200E9EED001C0084 /* How_Many_FingersUITests.swift in Sources */ = {isa = PBXBuildFile; fileRef = AC468AB1200E9EED001C0084 /* How_Many_FingersUITests.swift */; };
/* End PBXBuildFile section */

/* Begin PBXContainerItemProxy section */
		AC468AA3200E9EED001C0084 /* PBXContainerItemProxy */ = {
			isa = PBXContainerItemProxy;
			containerPortal = AC468A86200E9EED001C0084 /* Project object */;
			proxyType = 1;
			remoteGlobalIDString = AC468A8D200E9EED001C0084;
			remoteInfo = "How Many Fingers";
		};
		AC468AAE200E9EED001C0084 /* PBXContainerItemProxy */ = {
			isa = PBXContainerItemProxy;
			containerPortal = AC468A86200E9EED001C0084 /* Project object */;
			proxyType = 1;
			remoteGlobalIDString = AC468A8D200E9EED001C0084;
			remoteInfo = "How Many Fingers";
		};
/* End PBXContainerItemProxy section */

/* Begin PBXFileReference section */
		AC468A8E200E9EED001C0084 /* How Many Fingers.app */ = {isa = PBXFileReference; explicitFileType = wrapper.application; includeInIndex = 0; path = "How Many Fingers.app"; sourceTree = BUILT_PRODUCTS_DIR; };
		AC468A91200E9EED001C0084 /* AppDelegate.swift */ = {isa = PBXFileReference; lastKnownFileType = sourcecode.swift; path = AppDelegate.swift; sourceTree = "<group>"; };
		AC468A93200E9EED001C0084 /* ViewController.swift */ = {isa = PBXFileReference; lastKnownFileType = sourcecode.swift; path = ViewController.swift; sourceTree = "<group>"; };
		AC468A96200E9EED001C0084 /* Base */ = {isa = PBXFileReference; lastKnownFileType = file.storyboard; name = Base; path = Base.lproj/Main.storyboard; sourceTree = "<group>"; };
		AC468A98200E9EED001C0084 /* Assets.xcassets */ = {isa = PBXFileReference; lastKnownFileType = folder.assetcatalog; path = Assets.xcassets; sourceTree = "<group>"; };
		AC468A9B200E9EED001C0084 /* Base */ = {isa = PBXFileReference; lastKnownFileType = file.storyboard; name = Base; path = Base.lproj/LaunchScreen.storyboard; sourceTree = "<group>"; };
		AC468A9D200E9EED001C0084 /* Info.plist */ = {isa = PBXFileReference; lastKnownFileType = text.plist.xml; path = Info.plist; sourceTree = "<group>"; };
		AC468AA2200E9EED001C0084 /* How Many FingersTests.xctest */ = {isa = PBXFileReference; explicitFileType = wrapper.cfbundle; includeInIndex = 0; path = "How Many FingersTests.xctest"; sourceTree = BUILT_PRODUCTS_DIR; };
		AC468AA6200E9EED001C0084 /* How_Many_FingersTests.swift */ = {isa = PBXFileReference; lastKnownFileType = sourcecode.swift; path = How_Many_FingersTests.swift; sourceTree = "<group>"; };
		AC468AA8200E9EED001C0084 /* Info.plist */ = {isa = PBXFileReference; lastKnownFileType = text.plist.xml; path = Info.plist; sourceTree = "<group>"; };
		AC468AAD200E9EED001C0084 /* How Many FingersUITests.xctest */ = {isa = PBXFileReference; explicitFileType = wrapper.cfbundle; includeInIndex = 0; path = "How Many FingersUITests.xctest"; sourceTree = BUILT_PRODUCTS_DIR; };
		AC468AB1200E9EED001C0084 /* How_Many_FingersUITests.swift */ = {isa = PBXFileReference; lastKnownFileType = sourcecode.swift; path = How_Many_FingersUITests.swift; sourceTree = "<group>"; };
		AC468AB3200E9EED001C0084 /* Info.plist */ = {isa = PBXFileReference; lastKnownFileType = text.plist.xml; path = Info.plist; sourceTree = "<group>"; };
/* End PBXFileReference section */

/* Begin PBXFrameworksBuildPhase section */
		AC468A8B200E9EED001C0084 /* Frameworks */ = {
			isa = PBXFrameworksBuildPhase;
			buildActionMask = 2147483647;
			files = (
			);
			runOnlyForDeploymentPostprocessing = 0;
		};
		AC468A9F200E9EED001C0084 /* Frameworks */ = {
			isa = PBXFrameworksBuildPhase;
			buildActionMask = 2147483647;
			files = (
			);
			runOnlyForDeploymentPostprocessing = 0;
		};
		AC468AAA200E9EED001C0084 /* Frameworks */ = {
			isa = PBXFrameworksBuildPhase;
			buildActionMask = 2147483647;
			files = (
			);
			runOnlyForDeploymentPostprocessing = 0;
		};
/* End PBXFrameworksBuildPhase section */

/* Begin PBXGroup section */
		AC468A85200E9EED001C0084 = {
			isa = PBXGroup;
			children = (
				AC468A90200E9EED001C0084 /* How Many Fingers */,
				AC468AA5200E9EED001C0084 /* How Many FingersTests */,
				AC468AB0200E9EED001C0084 /* How Many FingersUITests */,
				AC468A8F200E9EED001C0084 /* Products */,
			);
			sourceTree = "<group>";
		};
		AC468A8F200E9EED001C0084 /* Products */ = {
			isa = PBXGroup;
			children = (
				AC468A8E200E9EED001C0084 /* How Many Fingers.app */,
				AC468AA2200E9EED001C0084 /* How Many FingersTests.xctest */,
				AC468AAD200E9EED001C0084 /* How Many FingersUITests.xctest */,
			);
			name = Products;
			sourceTree = "<group>";
		};
		AC468A90200E9EED001C0084 /* How Many Fingers */ = {
			isa = PBXGroup;
			children = (
				AC468A91200E9EED001C0084 /* AppDelegate.swift */,
				AC468A93200E9EED001C0084 /* ViewController.swift */,
				AC468A95200E9EED001C0084 /* Main.storyboard */,
				AC468A98200E9EED001C0084 /* Assets.xcassets */,
				AC468A9A200E9EED001C0084 /* LaunchScreen.storyboard */,
				AC468A9D200E9EED001C0084 /* Info.plist */,
			);
			path = "How Many Fingers";
			sourceTree = "<group>";
		};
		AC468AA5200E9EED001C0084 /* How Many FingersTests */ = {
			isa = PBXGroup;
			children = (
				AC468AA6200E9EED001C0084 /* How_Many_FingersTests.swift */,
				AC468AA8200E9EED001C0084 /* Info.plist */,
			);
			path = "How Many FingersTests";
			sourceTree = "<group>";
		};
		AC468AB0200E9EED001C0084 /* How Many FingersUITests */ = {
			isa = PBXGroup;
			children = (
				AC468AB1200E9EED001C0084 /* How_Many_FingersUITests.swift */,
				AC468AB3200E9EED001C0084 /* Info.plist */,
			);
			path = "How Many FingersUITests";
			sourceTree = "<group>";
		};
/* End PBXGroup section */

/* Begin PBXNativeTarget section */
		AC468A8D200E9EED001C0084 /* How Many Fingers */ = {
			isa = PBXNativeTarget;
			buildConfigurationList = AC468AB6200E9EED001C0084 /* Build configuration list for PBXNativeTarget "How Many Fingers" */;
			buildPhases = (
				AC468A8A200E9EED001C0084 /* Sources */,
				AC468A8B200E9EED001C0084 /* Frameworks */,
				AC468A8C200E9EED001C0084 /* Resources */,
			);
			buildRules = (
			);
			dependencies = (
			);
			name = "How Many Fingers";
			productName = "How Many Fingers";
			productReference = AC468A8E200E9EED001C0084 /* How Many Fingers.app */;
			productType = "com.apple.product-type.application";
		};
		AC468AA1200E9EED001C0084 /* How Many FingersTests */ = {
			isa = PBXNativeTarget;
			buildConfigurationList = AC468AB9200E9EED001C0084 /* Build configuration list for PBXNativeTarget "How Many FingersTests" */;
			buildPhases = (
				AC468A9E200E9EED001C0084 /* Sources */,
				AC468A9F200E9EED001C0084 /* Frameworks */,
				AC468AA0200E9EED001C0084 /* Resources */,
			);
			buildRules = (
			);
			dependencies = (
				AC468AA4200E9EED001C0084 /* PBXTargetDependency */,
			);
			name = "How Many FingersTests";
			productName = "How Many FingersTests";
			productReference = AC468AA2200E9EED001C0084 /* How Many FingersTests.xctest */;
			productType = "com.apple.product-type.bundle.unit-test";
		};
		AC468AAC200E9EED001C0084 /* How Many FingersUITests */ = {
			isa = PBXNativeTarget;
			buildConfigurationList = AC468ABC200E9EED001C0084 /* Build configuration list for PBXNativeTarget "How Many FingersUITests" */;
			buildPhases = (
				AC468AA9200E9EED001C0084 /* Sources */,
				AC468AAA200E9EED001C0084 /* Frameworks */,
				AC468AAB200E9EED001C0084 /* Resources */,
			);
			buildRules = (
			);
			dependencies = (
				AC468AAF200E9EED001C0084 /* PBXTargetDependency */,
			);
			name = "How Many FingersUITests";
			productName = "How Many FingersUITests";
			productReference = AC468AAD200E9EED001C0084 /* How Many FingersUITests.xctest */;
			productType = "com.apple.product-type.bundle.ui-testing";
		};
/* End PBXNativeTarget section */

/* Begin PBXProject section */
		AC468A86200E9EED001C0084 /* Project object */ = {
			isa = PBXProject;
			attributes = {
				LastSwiftUpdateCheck = 0920;
				LastUpgradeCheck = 0920;
				ORGANIZATIONNAME = "Sheena Elveus";
				TargetAttributes = {
					AC468A8D200E9EED001C0084 = {
						CreatedOnToolsVersion = 9.2;
						ProvisioningStyle = Automatic;
					};
					AC468AA1200E9EED001C0084 = {
						CreatedOnToolsVersion = 9.2;
						ProvisioningStyle = Automatic;
						TestTargetID = AC468A8D200E9EED001C0084;
					};
					AC468AAC200E9EED001C0084 = {
						CreatedOnToolsVersion = 9.2;
						ProvisioningStyle = Automatic;
						TestTargetID = AC468A8D200E9EED001C0084;
					};
				};
			};
			buildConfigurationList = AC468A89200E9EED001C0084 /* Build configuration list for PBXProject "How Many Fingers" */;
			compatibilityVersion = "Xcode 8.0";
			developmentRegion = en;
			hasScannedForEncodings = 0;
			knownRegions = (
				en,
				Base,
			);
			mainGroup = AC468A85200E9EED001C0084;
			productRefGroup = AC468A8F200E9EED001C0084 /* Products */;
			projectDirPath = "";
			projectRoot = "";
			targets = (
				AC468A8D200E9EED001C0084 /* How Many Fingers */,
				AC468AA1200E9EED001C0084 /* How Many FingersTests */,
				AC468AAC200E9EED001C0084 /* How Many FingersUITests */,
			);
		};
/* End PBXProject section */

/* Begin PBXResourcesBuildPhase section */
		AC468A8C200E9EED001C0084 /* Resources */ = {
			isa = PBXResourcesBuildPhase;
			buildActionMask = 2147483647;
			files = (
				AC468A9C200E9EED001C0084 /* LaunchScreen.storyboard in Resources */,
				AC468A99200E9EED001C0084 /* Assets.xcassets in Resources */,
				AC468A97200E9EED001C0084 /* Main.storyboard in Resources */,
			);
			runOnlyForDeploymentPostprocessing = 0;
		};
		AC468AA0200E9EED001C0084 /* Resources */ = {
			isa = PBXResourcesBuildPhase;
			buildActionMask = 2147483647;
			files = (
			);
			runOnlyForDeploymentPostprocessing = 0;
		};
		AC468AAB200E9EED001C0084 /* Resources */ = {
			isa = PBXResourcesBuildPhase;
			buildActionMask = 2147483647;
			files = (
			);
			runOnlyForDeploymentPostprocessing = 0;
		};
/* End PBXResourcesBuildPhase section */

/* Begin PBXSourcesBuildPhase section */
		AC468A8A200E9EED001C0084 /* Sources */ = {
			isa = PBXSourcesBuildPhase;
			buildActionMask = 2147483647;
			files = (
				AC468A94200E9EED001C0084 /* ViewController.swift in Sources */,
				AC468A92200E9EED001C0084 /* AppDelegate.swift in Sources */,
			);
			runOnlyForDeploymentPostprocessing = 0;
		};
		AC468A9E200E9EED001C0084 /* Sources */ = {
			isa = PBXSourcesBuildPhase;
			buildActionMask = 2147483647;
			files = (
				AC468AA7200E9EED001C0084 /* How_Many_FingersTests.swift in Sources */,
			);
			runOnlyForDeploymentPostprocessing = 0;
		};
		AC468AA9200E9EED001C0084 /* Sources */ = {
			isa = PBXSourcesBuildPhase;
			buildActionMask = 2147483647;
			files = (
				AC468AB2200E9EED001C0084 /* How_Many_FingersUITests.swift in Sources */,
			);
			runOnlyForDeploymentPostprocessing = 0;
		};
/* End PBXSourcesBuildPhase section */

/* Begin PBXTargetDependency section */
		AC468AA4200E9EED001C0084 /* PBXTargetDependency */ = {
			isa = PBXTargetDependency;
			target = AC468A8D200E9EED001C0084 /* How Many Fingers */;
			targetProxy = AC468AA3200E9EED001C0084 /* PBXContainerItemProxy */;
		};
		AC468AAF200E9EED001C0084 /* PBXTargetDependency */ = {
			isa = PBXTargetDependency;
			target = AC468A8D200E9EED001C0084 /* How Many Fingers */;
			targetProxy = AC468AAE200E9EED001C0084 /* PBXContainerItemProxy */;
		};
/* End PBXTargetDependency section */

/* Begin PBXVariantGroup section */
		AC468A95200E9EED001C0084 /* Main.storyboard */ = {
			isa = PBXVariantGroup;
			children = (
				AC468A96200E9EED001C0084 /* Base */,
			);
			name = Main.storyboard;
			sourceTree = "<group>";
		};
		AC468A9A200E9EED001C0084 /* LaunchScreen.storyboard */ = {
			isa = PBXVariantGroup;
			children = (
				AC468A9B200E9EED001C0084 /* Base */,
			);
			name = LaunchScreen.storyboard;
			sourceTree = "<group>";
		};
/* End PBXVariantGroup section */

/* Begin XCBuildConfiguration section */
		AC468AB4200E9EED001C0084 /* Debug */ = {
			isa = XCBuildConfiguration;
			buildSettings = {
				ALWAYS_SEARCH_USER_PATHS = NO;
				CLANG_ANALYZER_NONNULL = YES;
				CLANG_ANALYZER_NUMBER_OBJECT_CONVERSION = YES_AGGRESSIVE;
				CLANG_CXX_LANGUAGE_STANDARD = "gnu++14";
				CLANG_CXX_LIBRARY = "libc++";
				CLANG_ENABLE_MODULES = YES;
				CLANG_ENABLE_OBJC_ARC = YES;
				CLANG_WARN_BLOCK_CAPTURE_AUTORELEASING = YES;
				CLANG_WARN_BOOL_CONVERSION = YES;
				CLANG_WARN_COMMA = YES;
				CLANG_WARN_CONSTANT_CONVERSION = YES;
				CLANG_WARN_DIRECT_OBJC_ISA_USAGE = YES_ERROR;
				CLANG_WARN_DOCUMENTATION_COMMENTS = YES;
				CLANG_WARN_EMPTY_BODY = YES;
				CLANG_WARN_ENUM_CONVERSION = YES;
				CLANG_WARN_INFINITE_RECURSION = YES;
				CLANG_WARN_INT_CONVERSION = YES;
				CLANG_WARN_NON_LITERAL_NULL_CONVERSION = YES;
				CLANG_WARN_OBJC_LITERAL_CONVERSION = YES;
				CLANG_WARN_OBJC_ROOT_CLASS = YES_ERROR;
				CLANG_WARN_RANGE_LOOP_ANALYSIS = YES;
				CLANG_WARN_STRICT_PROTOTYPES = YES;
				CLANG_WARN_SUSPICIOUS_MOVE = YES;
				CLANG_WARN_UNGUARDED_AVAILABILITY = YES_AGGRESSIVE;
				CLANG_WARN_UNREACHABLE_CODE = YES;
				CLANG_WARN__DUPLICATE_METHOD_MATCH = YES;
				CODE_SIGN_IDENTITY = "iPhone Developer";
				COPY_PHASE_STRIP = NO;
				DEBUG_INFORMATION_FORMAT = dwarf;
				ENABLE_STRICT_OBJC_MSGSEND = YES;
				ENABLE_TESTABILITY = YES;
				GCC_C_LANGUAGE_STANDARD = gnu11;
				GCC_DYNAMIC_NO_PIC = NO;
				GCC_NO_COMMON_BLOCKS = YES;
				GCC_OPTIMIZATION_LEVEL = 0;
				GCC_PREPROCESSOR_DEFINITIONS = (
					"DEBUG=1",
					"$(inherited)",
				);
				GCC_WARN_64_TO_32_BIT_CONVERSION = YES;
				GCC_WARN_ABOUT_RETURN_TYPE = YES_ERROR;
				GCC_WARN_UNDECLARED_SELECTOR = YES;
				GCC_WARN_UNINITIALIZED_AUTOS = YES_AGGRESSIVE;
				GCC_WARN_UNUSED_FUNCTION = YES;
				GCC_WARN_UNUSED_VARIABLE = YES;
				IPHONEOS_DEPLOYMENT_TARGET = 11.2;
				MTL_ENABLE_DEBUG_INFO = YES;
				ONLY_ACTIVE_ARCH = YES;
				SDKROOT = iphoneos;
				SWIFT_ACTIVE_COMPILATION_CONDITIONS = DEBUG;
				SWIFT_OPTIMIZATION_LEVEL = "-Onone";
			};
			name = Debug;
		};
		AC468AB5200E9EED001C0084 /* Release */ = {
			isa = XCBuildConfiguration;
			buildSettings = {
				ALWAYS_SEARCH_USER_PATHS = NO;
				CLANG_ANALYZER_NONNULL = YES;
				CLANG_ANALYZER_NUMBER_OBJECT_CONVERSION = YES_AGGRESSIVE;
				CLANG_CXX_LANGUAGE_STANDARD = "gnu++14";
				CLANG_CXX_LIBRARY = "libc++";
				CLANG_ENABLE_MODULES = YES;
				CLANG_ENABLE_OBJC_ARC = YES;
				CLANG_WARN_BLOCK_CAPTURE_AUTORELEASING = YES;
				CLANG_WARN_BOOL_CONVERSION = YES;
				CLANG_WARN_COMMA = YES;
				CLANG_WARN_CONSTANT_CONVERSION = YES;
				CLANG_WARN_DIRECT_OBJC_ISA_USAGE = YES_ERROR;
				CLANG_WARN_DOCUMENTATION_COMMENTS = YES;
				CLANG_WARN_EMPTY_BODY = YES;
				CLANG_WARN_ENUM_CONVERSION = YES;
				CLANG_WARN_INFINITE_RECURSION = YES;
				CLANG_WARN_INT_CONVERSION = YES;
				CLANG_WARN_NON_LITERAL_NULL_CONVERSION = YES;
				CLANG_WARN_OBJC_LITERAL_CONVERSION = YES;
				CLANG_WARN_OBJC_ROOT_CLASS = YES_ERROR;
				CLANG_WARN_RANGE_LOOP_ANALYSIS = YES;
				CLANG_WARN_STRICT_PROTOTYPES = YES;
				CLANG_WARN_SUSPICIOUS_MOVE = YES;
				CLANG_WARN_UNGUARDED_AVAILABILITY = YES_AGGRESSIVE;
				CLANG_WARN_UNREACHABLE_CODE = YES;
				CLANG_WARN__DUPLICATE_METHOD_MATCH = YES;
				CODE_SIGN_IDENTITY = "iPhone Developer";
				COPY_PHASE_STRIP = NO;
				DEBUG_INFORMATION_FORMAT = "dwarf-with-dsym";
				ENABLE_NS_ASSERTIONS = NO;
				ENABLE_STRICT_OBJC_MSGSEND = YES;
				GCC_C_LANGUAGE_STANDARD = gnu11;
				GCC_NO_COMMON_BLOCKS = YES;
				GCC_WARN_64_TO_32_BIT_CONVERSION = YES;
				GCC_WARN_ABOUT_RETURN_TYPE = YES_ERROR;
				GCC_WARN_UNDECLARED_SELECTOR = YES;
				GCC_WARN_UNINITIALIZED_AUTOS = YES_AGGRESSIVE;
				GCC_WARN_UNUSED_FUNCTION = YES;
				GCC_WARN_UNUSED_VARIABLE = YES;
				IPHONEOS_DEPLOYMENT_TARGET = 11.2;
				MTL_ENABLE_DEBUG_INFO = NO;
				SDKROOT = iphoneos;
				SWIFT_OPTIMIZATION_LEVEL = "-Owholemodule";
				VALIDATE_PRODUCT = YES;
			};
			name = Release;
		};
		AC468AB7200E9EED001C0084 /* Debug */ = {
			isa = XCBuildConfiguration;
			buildSettings = {
				ASSETCATALOG_COMPILER_APPICON_NAME = AppIcon;
				CODE_SIGN_STYLE = Automatic;
				INFOPLIST_FILE = "How Many Fingers/Info.plist";
				LD_RUNPATH_SEARCH_PATHS = "$(inherited) @executable_path/Frameworks";
				PRODUCT_BUNDLE_IDENTIFIER = "com.sheenaelveus.How-Many-Fingers";
				PRODUCT_NAME = "$(TARGET_NAME)";
				SWIFT_VERSION = 4.0;
				TARGETED_DEVICE_FAMILY = "1,2";
			};
			name = Debug;
		};
		AC468AB8200E9EED001C0084 /* Release */ = {
			isa = XCBuildConfiguration;
			buildSettings = {
				ASSETCATALOG_COMPILER_APPICON_NAME = AppIcon;
				CODE_SIGN_STYLE = Automatic;
				INFOPLIST_FILE = "How Many Fingers/Info.plist";
				LD_RUNPATH_SEARCH_PATHS = "$(inherited) @executable_path/Frameworks";
				PRODUCT_BUNDLE_IDENTIFIER = "com.sheenaelveus.How-Many-Fingers";
				PRODUCT_NAME = "$(TARGET_NAME)";
				SWIFT_VERSION = 4.0;
				TARGETED_DEVICE_FAMILY = "1,2";
			};
			name = Release;
		};
		AC468ABA200E9EED001C0084 /* Debug */ = {
			isa = XCBuildConfiguration;
			buildSettings = {
				ALWAYS_EMBED_SWIFT_STANDARD_LIBRARIES = YES;
				BUNDLE_LOADER = "$(TEST_HOST)";
				CODE_SIGN_STYLE = Automatic;
				INFOPLIST_FILE = "How Many FingersTests/Info.plist";
				LD_RUNPATH_SEARCH_PATHS = "$(inherited) @executable_path/Frameworks @loader_path/Frameworks";
				PRODUCT_BUNDLE_IDENTIFIER = "com.sheenaelveus.How-Many-FingersTests";
				PRODUCT_NAME = "$(TARGET_NAME)";
				SWIFT_VERSION = 4.0;
				TARGETED_DEVICE_FAMILY = "1,2";
				TEST_HOST = "$(BUILT_PRODUCTS_DIR)/How Many Fingers.app/How Many Fingers";
			};
			name = Debug;
		};
		AC468ABB200E9EED001C0084 /* Release */ = {
			isa = XCBuildConfiguration;
			buildSettings = {
				ALWAYS_EMBED_SWIFT_STANDARD_LIBRARIES = YES;
				BUNDLE_LOADER = "$(TEST_HOST)";
				CODE_SIGN_STYLE = Automatic;
				INFOPLIST_FILE = "How Many FingersTests/Info.plist";
				LD_RUNPATH_SEARCH_PATHS = "$(inherited) @executable_path/Frameworks @loader_path/Frameworks";
				PRODUCT_BUNDLE_IDENTIFIER = "com.sheenaelveus.How-Many-FingersTests";
				PRODUCT_NAME = "$(TARGET_NAME)";
				SWIFT_VERSION = 4.0;
				TARGETED_DEVICE_FAMILY = "1,2";
				TEST_HOST = "$(BUILT_PRODUCTS_DIR)/How Many Fingers.app/How Many Fingers";
			};
			name = Release;
		};
		AC468ABD200E9EED001C0084 /* Debug */ = {
			isa = XCBuildConfiguration;
			buildSettings = {
				ALWAYS_EMBED_SWIFT_STANDARD_LIBRARIES = YES;
				CODE_SIGN_STYLE = Automatic;
				INFOPLIST_FILE = "How Many FingersUITests/Info.plist";
				LD_RUNPATH_SEARCH_PATHS = "$(inherited) @executable_path/Frameworks @loader_path/Frameworks";
				PRODUCT_BUNDLE_IDENTIFIER = "com.sheenaelveus.How-Many-FingersUITests";
				PRODUCT_NAME = "$(TARGET_NAME)";
				SWIFT_VERSION = 4.0;
				TARGETED_DEVICE_FAMILY = "1,2";
				TEST_TARGET_NAME = "How Many Fingers";
			};
			name = Debug;
		};
		AC468ABE200E9EED001C0084 /* Release */ = {
			isa = XCBuildConfiguration;
			buildSettings = {
				ALWAYS_EMBED_SWIFT_STANDARD_LIBRARIES = YES;
				CODE_SIGN_STYLE = Automatic;
				INFOPLIST_FILE = "How Many FingersUITests/Info.plist";
				LD_RUNPATH_SEARCH_PATHS = "$(inherited) @executable_path/Frameworks @loader_path/Frameworks";
				PRODUCT_BUNDLE_IDENTIFIER = "com.sheenaelveus.How-Many-FingersUITests";
				PRODUCT_NAME = "$(TARGET_NAME)";
				SWIFT_VERSION = 4.0;
				TARGETED_DEVICE_FAMILY = "1,2";
				TEST_TARGET_NAME = "How Many Fingers";
			};
			name = Release;
		};
/* End XCBuildConfiguration section */

/* Begin XCConfigurationList section */
		AC468A89200E9EED001C0084 /* Build configuration list for PBXProject "How Many Fingers" */ = {
			isa = XCConfigurationList;
			buildConfigurations = (
				AC468AB4200E9EED001C0084 /* Debug */,
				AC468AB5200E9EED001C0084 /* Release */,
			);
			defaultConfigurationIsVisible = 0;
			defaultConfigurationName = Release;
		};
		AC468AB6200E9EED001C0084 /* Build configuration list for PBXNativeTarget "How Many Fingers" */ = {
			isa = XCConfigurationList;
			buildConfigurations = (
				AC468AB7200E9EED001C0084 /* Debug */,
				AC468AB8200E9EED001C0084 /* Release */,
			);
			defaultConfigurationIsVisible = 0;
			defaultConfigurationName = Release;
		};
		AC468AB9200E9EED001C0084 /* Build configuration list for PBXNativeTarget "How Many FingersTests" */ = {
			isa = XCConfigurationList;
			buildConfigurations = (
				AC468ABA200E9EED001C0084 /* Debug */,
				AC468ABB200E9EED001C0084 /* Release */,
			);
			defaultConfigurationIsVisible = 0;
			defaultConfigurationName = Release;
		};
		AC468ABC200E9EED001C0084 /* Build configuration list for PBXNativeTarget "How Many FingersUITests" */ = {
			isa = XCConfigurationList;
			buildConfigurations = (
				AC468ABD200E9EED001C0084 /* Debug */,
				AC468ABE200E9EED001C0084 /* Release */,
			);
			defaultConfigurationIsVisible = 0;
			defaultConfigurationName = Release;
		};
/* End XCConfigurationList section */
	};
	rootObject = AC468A86200E9EED001C0084 /* Project object */;
}
